
Microsoft Visual Studio Solution File, Format Version 12.00
# Visual Studio Version 16
VisualStudioVersion = 16.0.31205.134
MinimumVisualStudioVersion = 10.0.40219.1
Project("{9A19103F-16F7-4668-BE54-9A1E7A4F7556}") = "Factory", "Factory\Factory.csproj", "{B8E70A38-9ADF-468E-9F77-6F3FEE1DC738}"
EndProject
Project("{9A19103F-16F7-4668-BE54-9A1E7A4F7556}") = "AbstractFactory", "AbstractFactory\AbstractFactory.csproj", "{37B7E024-2D9A-476E-B617-8E0742D4BF6A}"
EndProject
Project("{9A19103F-16F7-4668-BE54-9A1E7A4F7556}") = "Builder", "Builder\Builder.csproj", "{B71AE88E-4DB4-4CFF-A911-6A7D116FC2EC}"
EndProject
Project("{9A19103F-16F7-4668-BE54-9A1E7A4F7556}") = "Adapter", "Adapter\Adapter.csproj", "{E8F972CA-FE92-4FE0-89F8-733DDBBDA02E}"
EndProject
Project("{FAE04EC0-301F-11D3-BF4B-00C04F79EFBC}") = "Bridge", "Bridge\Bridge.csproj", "{F1EB4909-D4EA-4697-B6C4-7530BC028AA9}"
EndProject
Global
	GlobalSection(SolutionConfigurationPlatforms) = preSolution
		Debug|Any CPU = Debug|Any CPU
		Release|Any CPU = Release|Any CPU
	EndGlobalSection
	GlobalSection(ProjectConfigurationPlatforms) = postSolution
		{B8E70A38-9ADF-468E-9F77-6F3FEE1DC738}.Debug|Any CPU.ActiveCfg = Debug|Any CPU
		{B8E70A38-9ADF-468E-9F77-6F3FEE1DC738}.Debug|Any CPU.Build.0 = Debug|Any CPU
		{B8E70A38-9ADF-468E-9F77-6F3FEE1DC738}.Release|Any CPU.ActiveCfg = Release|Any CPU
		{B8E70A38-9ADF-468E-9F77-6F3FEE1DC738}.Release|Any CPU.Build.0 = Release|Any CPU
		{37B7E024-2D9A-476E-B617-8E0742D4BF6A}.Debug|Any CPU.ActiveCfg = Debug|Any CPU
		{37B7E024-2D9A-476E-B617-8E0742D4BF6A}.Debug|Any CPU.Build.0 = Debug|Any CPU
		{37B7E024-2D9A-476E-B617-8E0742D4BF6A}.Release|Any CPU.ActiveCfg = Release|Any CPU
		{37B7E024-2D9A-476E-B617-8E0742D4BF6A}.Release|Any CPU.Build.0 = Release|Any CPU
		{B71AE88E-4DB4-4CFF-A911-6A7D116FC2EC}.Debug|Any CPU.ActiveCfg = Debug|Any CPU
		{B71AE88E-4DB4-4CFF-A911-6A7D116FC2EC}.Debug|Any CPU.Build.0 = Debug|Any CPU
		{B71AE88E-4DB4-4CFF-A911-6A7D116FC2EC}.Release|Any CPU.ActiveCfg = Release|Any CPU
		{B71AE88E-4DB4-4CFF-A911-6A7D116FC2EC}.Release|Any CPU.Build.0 = Release|Any CPU
		{E8F972CA-FE92-4FE0-89F8-733DDBBDA02E}.Debug|Any CPU.ActiveCfg = Debug|Any CPU
		{E8F972CA-FE92-4FE0-89F8-733DDBBDA02E}.Debug|Any CPU.Build.0 = Debug|Any CPU
		{E8F972CA-FE92-4FE0-89F8-733DDBBDA02E}.Release|Any CPU.ActiveCfg = Release|Any CPU
		{E8F972CA-FE92-4FE0-89F8-733DDBBDA02E}.Release|Any CPU.Build.0 = Release|Any CPU
		{F1EB4909-D4EA-4697-B6C4-7530BC028AA9}.Debug|Any CPU.ActiveCfg = Debug|Any CPU
		{F1EB4909-D4EA-4697-B6C4-7530BC028AA9}.Debug|Any CPU.Build.0 = Debug|Any CPU
		{F1EB4909-D4EA-4697-B6C4-7530BC028AA9}.Release|Any CPU.ActiveCfg = Release|Any CPU
		{F1EB4909-D4EA-4697-B6C4-7530BC028AA9}.Release|Any CPU.Build.0 = Release|Any CPU
	EndGlobalSection
	GlobalSection(SolutionProperties) = preSolution
		HideSolutionNode = FALSE
	EndGlobalSection
	GlobalSection(ExtensibilityGlobals) = postSolution
		SolutionGuid = {34BED903-F69C-4887-8FDE-5BE5B3BD246C}
	EndGlobalSection
EndGlobal
